
Microsoft Visual Studio Solution File, Format Version 12.00
# Visual Studio Version 17
VisualStudioVersion = 17.2.32630.192
MinimumVisualStudioVersion = 10.0.40219.1
Project("{9A19103F-16F7-4668-BE54-9A1E7A4F7556}") = "sharptrace", "src\sharptrace.csproj", "{04FED227-915C-4454-AEF5-A0F6283065A4}"
EndProject
Project("{FAE04EC0-301F-11D3-BF4B-00C04F79EFBC}") = "tests", "tests\tests.csproj", "{676C3174-F458-4749-8893-C12EC3EA51B5}"
EndProject
Global
	GlobalSection(SolutionConfigurationPlatforms) = preSolution
		Debug|Any CPU = Debug|Any CPU
		Release|Any CPU = Release|Any CPU
	EndGlobalSection
	GlobalSection(ProjectConfigurationPlatforms) = postSolution
		{04FED227-915C-4454-AEF5-A0F6283065A4}.Debug|Any CPU.ActiveCfg = Debug|Any CPU
		{04FED227-915C-4454-AEF5-A0F6283065A4}.Debug|Any CPU.Build.0 = Debug|Any CPU
		{04FED227-915C-4454-AEF5-A0F6283065A4}.Release|Any CPU.ActiveCfg = Release|Any CPU
		{04FED227-915C-4454-AEF5-A0F6283065A4}.Release|Any CPU.Build.0 = Release|Any CPU
		{676C3174-F458-4749-8893-C12EC3EA51B5}.Debug|Any CPU.ActiveCfg = Debug|Any CPU
		{676C3174-F458-4749-8893-C12EC3EA51B5}.Debug|Any CPU.Build.0 = Debug|Any CPU
		{676C3174-F458-4749-8893-C12EC3EA51B5}.Release|Any CPU.ActiveCfg = Release|Any CPU
		{676C3174-F458-4749-8893-C12EC3EA51B5}.Release|Any CPU.Build.0 = Release|Any CPU
	EndGlobalSection
	GlobalSection(SolutionProperties) = preSolution
		HideSolutionNode = FALSE
	EndGlobalSection
	GlobalSection(ExtensibilityGlobals) = postSolution
		SolutionGuid = {E7EE95A1-84B8-4218-B731-D5000BC19D6F}
	EndGlobalSection
EndGlobal
